
Microsoft Visual Studio Solution File, Format Version 12.00
# Visual Studio Version 16
VisualStudioVersion = 16.0.33328.57
MinimumVisualStudioVersion = 10.0.40219.1
Project("{FAE04EC0-301F-11D3-BF4B-00C04F79EFBC}") = "Client", "Client\Client.csproj", "{52DFF4F0-0EAF-48B6-A289-D5BDD2C7063C}"
EndProject
Global
	GlobalSection(SolutionConfigurationPlatforms) = preSolution
		Debug|Any CPU = Debug|Any CPU
		Release|Any CPU = Release|Any CPU
	EndGlobalSection
	GlobalSection(ProjectConfigurationPlatforms) = postSolution
		{52DFF4F0-0EAF-48B6-A289-D5BDD2C7063C}.Debug|Any CPU.ActiveCfg = Debug|Any CPU
		{52DFF4F0-0EAF-48B6-A289-D5BDD2C7063C}.Debug|Any CPU.Build.0 = Debug|Any CPU
		{52DFF4F0-0EAF-48B6-A289-D5BDD2C7063C}.Release|Any CPU.ActiveCfg = Release|Any CPU
		{52DFF4F0-0EAF-48B6-A289-D5BDD2C7063C}.Release|Any CPU.Build.0 = Release|Any CPU
	EndGlobalSection
	GlobalSection(SolutionProperties) = preSolution
		HideSolutionNode = FALSE
	EndGlobalSection
	GlobalSection(ExtensibilityGlobals) = postSolution
		SolutionGuid = {B08853D2-9906-4678-AB27-D563B010F72C}
	EndGlobalSection
EndGlobal
